
Microsoft Visual Studio Solution File, Format Version 12.00
# Visual Studio Version 17
VisualStudioVersion = 17.13.35806.99 d17.13
MinimumVisualStudioVersion = 10.0.40219.1
Project("{FAE04EC0-301F-11D3-BF4B-00C04F79EFBC}") = "Practical-14", "Practical-14\Practical-14.csproj", "{AD97BFB4-1A0D-43ED-9E6D-A062FE1FE4F3}"
EndProject
Global
	GlobalSection(SolutionConfigurationPlatforms) = preSolution
		Debug|Any CPU = Debug|Any CPU
		Release|Any CPU = Release|Any CPU
	EndGlobalSection
	GlobalSection(ProjectConfigurationPlatforms) = postSolution
		{AD97BFB4-1A0D-43ED-9E6D-A062FE1FE4F3}.Debug|Any CPU.ActiveCfg = Debug|Any CPU
		{AD97BFB4-1A0D-43ED-9E6D-A062FE1FE4F3}.Debug|Any CPU.Build.0 = Debug|Any CPU
		{AD97BFB4-1A0D-43ED-9E6D-A062FE1FE4F3}.Release|Any CPU.ActiveCfg = Release|Any CPU
		{AD97BFB4-1A0D-43ED-9E6D-A062FE1FE4F3}.Release|Any CPU.Build.0 = Release|Any CPU
	EndGlobalSection
	GlobalSection(SolutionProperties) = preSolution
		HideSolutionNode = FALSE
	EndGlobalSection
	GlobalSection(ExtensibilityGlobals) = postSolution
		SolutionGuid = {985FED6C-B0D7-4BE2-BEEB-9EF921BCDB74}
	EndGlobalSection
EndGlobal
